
Microsoft Visual Studio Solution File, Format Version 12.00
# Visual Studio 14
VisualStudioVersion = 14.0.25420.1
MinimumVisualStudioVersion = 10.0.40219.1
Project("{FAE04EC0-301F-11D3-BF4B-00C04F79EFBC}") = "LabReserve.WebApp", "LabReserve.WebApp\LabReserve.WebApp.csproj", "{B40A0F0F-268F-456C-BCCB-6A2F354A5BFA}"
EndProject
Project("{2150E333-8FDC-42A3-9474-1A3956D46DE8}") = "Solution Items", "Solution Items", "{EC062681-8194-41A8-B8CE-5A5C72CDC9A1}"
	ProjectSection(SolutionItems) = preProject
		docker-compose.yml = docker-compose.yml
		schema.sql = schema.sql
	EndProjectSection
EndProject
Global
	GlobalSection(SolutionConfigurationPlatforms) = preSolution
		Debug|Any CPU = Debug|Any CPU
		Release|Any CPU = Release|Any CPU
	EndGlobalSection
	GlobalSection(ProjectConfigurationPlatforms) = postSolution
		{B40A0F0F-268F-456C-BCCB-6A2F354A5BFA}.Debug|Any CPU.ActiveCfg = Debug|Any CPU
		{B40A0F0F-268F-456C-BCCB-6A2F354A5BFA}.Debug|Any CPU.Build.0 = Debug|Any CPU
		{B40A0F0F-268F-456C-BCCB-6A2F354A5BFA}.Release|Any CPU.ActiveCfg = Release|Any CPU
		{B40A0F0F-268F-456C-BCCB-6A2F354A5BFA}.Release|Any CPU.Build.0 = Release|Any CPU
	EndGlobalSection
	GlobalSection(SolutionProperties) = preSolution
		HideSolutionNode = FALSE
	EndGlobalSection
EndGlobal
